
Microsoft Visual Studio Solution File, Format Version 12.00
# Visual Studio 15
VisualStudioVersion = 15.0.26228.9
MinimumVisualStudioVersion = 10.0.40219.1
Project("{FAE04EC0-301F-11D3-BF4B-00C04F79EFBC}") = "EventTekAPI", "EventTekAPI\EventTekAPI.csproj", "{DF3373BC-E06C-4C13-BD06-407B61A6FBEA}"
EndProject
Project("{FAE04EC0-301F-11D3-BF4B-00C04F79EFBC}") = "BLL", "BLL\BLL.csproj", "{D45731C4-7F43-4C43-AF21-04F610AABAEA}"
EndProject
Project("{FAE04EC0-301F-11D3-BF4B-00C04F79EFBC}") = "DAL", "DAL\DAL.csproj", "{871A8110-124C-4176-B825-100D295692A2}"
EndProject
Global
	GlobalSection(SolutionConfigurationPlatforms) = preSolution
		Debug|Any CPU = Debug|Any CPU
		Release|Any CPU = Release|Any CPU
	EndGlobalSection
	GlobalSection(ProjectConfigurationPlatforms) = postSolution
		{DF3373BC-E06C-4C13-BD06-407B61A6FBEA}.Debug|Any CPU.ActiveCfg = Debug|Any CPU
		{DF3373BC-E06C-4C13-BD06-407B61A6FBEA}.Debug|Any CPU.Build.0 = Debug|Any CPU
		{DF3373BC-E06C-4C13-BD06-407B61A6FBEA}.Release|Any CPU.ActiveCfg = Release|Any CPU
		{DF3373BC-E06C-4C13-BD06-407B61A6FBEA}.Release|Any CPU.Build.0 = Release|Any CPU
		{D45731C4-7F43-4C43-AF21-04F610AABAEA}.Debug|Any CPU.ActiveCfg = Debug|Any CPU
		{D45731C4-7F43-4C43-AF21-04F610AABAEA}.Debug|Any CPU.Build.0 = Debug|Any CPU
		{D45731C4-7F43-4C43-AF21-04F610AABAEA}.Release|Any CPU.ActiveCfg = Release|Any CPU
		{D45731C4-7F43-4C43-AF21-04F610AABAEA}.Release|Any CPU.Build.0 = Release|Any CPU
		{871A8110-124C-4176-B825-100D295692A2}.Debug|Any CPU.ActiveCfg = Debug|Any CPU
		{871A8110-124C-4176-B825-100D295692A2}.Debug|Any CPU.Build.0 = Debug|Any CPU
		{871A8110-124C-4176-B825-100D295692A2}.Release|Any CPU.ActiveCfg = Release|Any CPU
		{871A8110-124C-4176-B825-100D295692A2}.Release|Any CPU.Build.0 = Release|Any CPU
	EndGlobalSection
	GlobalSection(SolutionProperties) = preSolution
		HideSolutionNode = FALSE
	EndGlobalSection
EndGlobal
